// !$*UTF8*$!
{
	archiveVersion = 1;
	classes = {
	};
	objectVersion = 50;
	objects = {

/* Begin PBXBuildFile section */
		44939CD02B860F4200C3730C /* AppDelegate.m in Sources */ = {isa = PBXBuildFile; fileRef = 44939CCF2B860F4200C3730C /* AppDelegate.m */; };
		44939CD32B860F4200C3730C /* ViewController.m in Sources */ = {isa = PBXBuildFile; fileRef = 44939CD22B860F4200C3730C /* ViewController.m */; };
		44939CD62B860F4300C3730C /* Main.storyboard in Resources */ = {isa = PBXBuildFile; fileRef = 44939CD42B860F4300C3730C /* Main.storyboard */; };
		44939CD82B860F8A00C3730C /* Assets.xcassets in Resources */ = {isa = PBXBuildFile; fileRef = 44939CD72B860F8A00C3730C /* Assets.xcassets */; };
		44939CDB2B860F8A00C3730C /* LaunchScreen.storyboard in Resources */ = {isa = PBXBuildFile; fileRef = 44939CD92B860F8A00C3730C /* LaunchScreen.storyboard */; };
		44939CDE2B860F8B00C3730C /* main.m in Sources */ = {isa = PBXBuildFile; fileRef = 44939CDD2B860F8B00C3730C /* main.m */; };
		44939CE62B86125000C3730C /* Robot.m in Sources */ = {isa = PBXBuildFile; fileRef = 44939CE52B86125000C3730C /* Robot.m */; };
		44F232FC2B89289000546F95 /* ViewController2.m in Sources */ = {isa = PBXBuildFile; fileRef = 44F232FB2B89289000546F95 /* ViewController2.m */; };
/* End PBXBuildFile section */

/* Begin PBXFileReference section */
		44939CCB2B860F4200C3730C /* Homework6ObjC.app */ = {isa = PBXFileReference; explicitFileType = wrapper.application; includeInIndex = 0; path = Homework6ObjC.app; sourceTree = BUILT_PRODUCTS_DIR; };
		44939CCE2B860F4200C3730C /* AppDelegate.h */ = {isa = PBXFileReference; lastKnownFileType = sourcecode.c.h; path = AppDelegate.h; sourceTree = "<group>"; };
		44939CCF2B860F4200C3730C /* AppDelegate.m */ = {isa = PBXFileReference; lastKnownFileType = sourcecode.c.objc; path = AppDelegate.m; sourceTree = "<group>"; };
		44939CD12B860F4200C3730C /* ViewController.h */ = {isa = PBXFileReference; lastKnownFileType = sourcecode.c.h; path = ViewController.h; sourceTree = "<group>"; };
		44939CD22B860F4200C3730C /* ViewController.m */ = {isa = PBXFileReference; lastKnownFileType = sourcecode.c.objc; path = ViewController.m; sourceTree = "<group>"; };
		44939CD52B860F4300C3730C /* Base */ = {isa = PBXFileReference; lastKnownFileType = file.storyboard; name = Base; path = Base.lproj/Main.storyboard; sourceTree = "<group>"; };
		44939CD72B860F8A00C3730C /* Assets.xcassets */ = {isa = PBXFileReference; lastKnownFileType = folder.assetcatalog; path = Assets.xcassets; sourceTree = "<group>"; };
		44939CDA2B860F8A00C3730C /* Base */ = {isa = PBXFileReference; lastKnownFileType = file.storyboard; name = Base; path = Base.lproj/LaunchScreen.storyboard; sourceTree = "<group>"; };
		44939CDC2B860F8A00C3730C /* Info.plist */ = {isa = PBXFileReference; lastKnownFileType = text.plist.xml; path = Info.plist; sourceTree = "<group>"; };
		44939CDD2B860F8B00C3730C /* main.m */ = {isa = PBXFileReference; lastKnownFileType = sourcecode.c.objc; path = main.m; sourceTree = "<group>"; };
		44939CE42B86125000C3730C /* Robot.h */ = {isa = PBXFileReference; lastKnownFileType = sourcecode.c.h; path = Robot.h; sourceTree = "<group>"; };
		44939CE52B86125000C3730C /* Robot.m */ = {isa = PBXFileReference; lastKnownFileType = sourcecode.c.objc; path = Robot.m; sourceTree = "<group>"; };
		44F232FA2B89289000546F95 /* ViewController2.h */ = {isa = PBXFileReference; lastKnownFileType = sourcecode.c.h; path = ViewController2.h; sourceTree = "<group>"; };
		44F232FB2B89289000546F95 /* ViewController2.m */ = {isa = PBXFileReference; lastKnownFileType = sourcecode.c.objc; path = ViewController2.m; sourceTree = "<group>"; };
/* End PBXFileReference section */

/* Begin PBXFrameworksBuildPhase section */
		44939CC82B860F4200C3730C /* Frameworks */ = {
			isa = PBXFrameworksBuildPhase;
			buildActionMask = 2147483647;
			files = (
			);
			runOnlyForDeploymentPostprocessing = 0;
		};
/* End PBXFrameworksBuildPhase section */

/* Begin PBXGroup section */
		44939CC22B860F4200C3730C = {
			isa = PBXGroup;
			children = (
				44939CCD2B860F4200C3730C /* Homework6ObjC */,
				44939CCC2B860F4200C3730C /* Products */,
			);
			sourceTree = "<group>";
		};
		44939CCC2B860F4200C3730C /* Products */ = {
			isa = PBXGroup;
			children = (
				44939CCB2B860F4200C3730C /* Homework6ObjC.app */,
			);
			name = Products;
			sourceTree = "<group>";
		};
		44939CCD2B860F4200C3730C /* Homework6ObjC */ = {
			isa = PBXGroup;
			children = (
				44939CCE2B860F4200C3730C /* AppDelegate.h */,
				44939CCF2B860F4200C3730C /* AppDelegate.m */,
				44939CD12B860F4200C3730C /* ViewController.h */,
				44939CD22B860F4200C3730C /* ViewController.m */,
				44939CD42B860F4300C3730C /* Main.storyboard */,
				44939CD72B860F8A00C3730C /* Assets.xcassets */,
				44939CE42B86125000C3730C /* Robot.h */,
				44F232FA2B89289000546F95 /* ViewController2.h */,
				44F232FB2B89289000546F95 /* ViewController2.m */,
				44939CE52B86125000C3730C /* Robot.m */,
				44939CD92B860F8A00C3730C /* LaunchScreen.storyboard */,
				44939CDC2B860F8A00C3730C /* Info.plist */,
				44939CDD2B860F8B00C3730C /* main.m */,
			);
			path = Homework6ObjC;
			sourceTree = "<group>";
		};
/* End PBXGroup section */

/* Begin PBXNativeTarget section */
		44939CCA2B860F4200C3730C /* Homework6ObjC */ = {
			isa = PBXNativeTarget;
			buildConfigurationList = 44939CE12B860F8B00C3730C /* Build configuration list for PBXNativeTarget "Homework6ObjC" */;
			buildPhases = (
				44939CC72B860F4200C3730C /* Sources */,
				44939CC82B860F4200C3730C /* Frameworks */,
				44939CC92B860F4200C3730C /* Resources */,
			);
			buildRules = (
			);
			dependencies = (
			);
			name = Homework6ObjC;
			productName = Homework6ObjC;
			productReference = 44939CCB2B860F4200C3730C /* Homework6ObjC.app */;
			productType = "com.apple.product-type.application";
		};
/* End PBXNativeTarget section */

/* Begin PBXProject section */
		44939CC32B860F4200C3730C /* Project object */ = {
			isa = PBXProject;
			attributes = {
				LastUpgradeCheck = 1010;
				ORGANIZATIONNAME = mary;
				TargetAttributes = {
					44939CCA2B860F4200C3730C = {
						CreatedOnToolsVersion = 10.1;
					};
				};
			};
			buildConfigurationList = 44939CC62B860F4200C3730C /* Build configuration list for PBXProject "Homework6ObjC" */;
			compatibilityVersion = "Xcode 9.3";
			developmentRegion = en;
			hasScannedForEncodings = 0;
			knownRegions = (
				en,
				Base,
			);
			mainGroup = 44939CC22B860F4200C3730C;
			productRefGroup = 44939CCC2B860F4200C3730C /* Products */;
			projectDirPath = "";
			projectRoot = "";
			targets = (
				44939CCA2B860F4200C3730C /* Homework6ObjC */,
			);
		};
/* End PBXProject section */

/* Begin PBXResourcesBuildPhase section */
		44939CC92B860F4200C3730C /* Resources */ = {
			isa = PBXResourcesBuildPhase;
			buildActionMask = 2147483647;
			files = (
				44939CDB2B860F8A00C3730C /* LaunchScreen.storyboard in Resources */,
				44939CD82B860F8A00C3730C /* Assets.xcassets in Resources */,
				44939CD62B860F4300C3730C /* Main.storyboard in Resources */,
			);
			runOnlyForDeploymentPostprocessing = 0;
		};
/* End PBXResourcesBuildPhase section */

/* Begin PBXSourcesBuildPhase section */
		44939CC72B860F4200C3730C /* Sources */ = {
			isa = PBXSourcesBuildPhase;
			buildActionMask = 2147483647;
			files = (
				44939CE62B86125000C3730C /* Robot.m in Sources */,
				44939CD32B860F4200C3730C /* ViewController.m in Sources */,
				44F232FC2B89289000546F95 /* ViewController2.m in Sources */,
				44939CDE2B860F8B00C3730C /* main.m in Sources */,
				44939CD02B860F4200C3730C /* AppDelegate.m in Sources */,
			);
			runOnlyForDeploymentPostprocessing = 0;
		};
/* End PBXSourcesBuildPhase section */

/* Begin PBXVariantGroup section */
		44939CD42B860F4300C3730C /* Main.storyboard */ = {
			isa = PBXVariantGroup;
			children = (
				44939CD52B860F4300C3730C /* Base */,
			);
			name = Main.storyboard;
			sourceTree = "<group>";
		};
		44939CD92B860F8A00C3730C /* LaunchScreen.storyboard */ = {
			isa = PBXVariantGroup;
			children = (
				44939CDA2B860F8A00C3730C /* Base */,
			);
			name = LaunchScreen.storyboard;
			sourceTree = "<group>";
		};
/* End PBXVariantGroup section */

/* Begin XCBuildConfiguration section */
		44939CDF2B860F8B00C3730C /* Debug */ = {
			isa = XCBuildConfiguration;
			buildSettings = {
				ALWAYS_SEARCH_USER_PATHS = NO;
				CLANG_ANALYZER_NONNULL = YES;
				CLANG_ANALYZER_NUMBER_OBJECT_CONVERSION = YES_AGGRESSIVE;
				CLANG_CXX_LANGUAGE_STANDARD = "gnu++14";
				CLANG_CXX_LIBRARY = "libc++";
				CLANG_ENABLE_MODULES = YES;
				CLANG_ENABLE_OBJC_ARC = YES;
				CLANG_ENABLE_OBJC_WEAK = YES;
				CLANG_WARN_BLOCK_CAPTURE_AUTORELEASING = YES;
				CLANG_WARN_BOOL_CONVERSION = YES;
				CLANG_WARN_COMMA = YES;
				CLANG_WARN_CONSTANT_CONVERSION = YES;
				CLANG_WARN_DEPRECATED_OBJC_IMPLEMENTATIONS = YES;
				CLANG_WARN_DIRECT_OBJC_ISA_USAGE = YES_ERROR;
				CLANG_WARN_DOCUMENTATION_COMMENTS = YES;
				CLANG_WARN_EMPTY_BODY = YES;
				CLANG_WARN_ENUM_CONVERSION = YES;
				CLANG_WARN_INFINITE_RECURSION = YES;
				CLANG_WARN_INT_CONVERSION = YES;
				CLANG_WARN_NON_LITERAL_NULL_CONVERSION = YES;
				CLANG_WARN_OBJC_IMPLICIT_RETAIN_SELF = YES;
				CLANG_WARN_OBJC_LITERAL_CONVERSION = YES;
				CLANG_WARN_OBJC_ROOT_CLASS = YES_ERROR;
				CLANG_WARN_RANGE_LOOP_ANALYSIS = YES;
				CLANG_WARN_STRICT_PROTOTYPES = YES;
				CLANG_WARN_SUSPICIOUS_MOVE = YES;
				CLANG_WARN_UNGUARDED_AVAILABILITY = YES_AGGRESSIVE;
				CLANG_WARN_UNREACHABLE_CODE = YES;
				CLANG_WARN__DUPLICATE_METHOD_MATCH = YES;
				CODE_SIGN_IDENTITY = "iPhone Developer";
				COPY_PHASE_STRIP = NO;
				DEBUG_INFORMATION_FORMAT = dwarf;
				ENABLE_STRICT_OBJC_MSGSEND = YES;
				ENABLE_TESTABILITY = YES;
				GCC_C_LANGUAGE_STANDARD = gnu11;
				GCC_DYNAMIC_NO_PIC = NO;
				GCC_NO_COMMON_BLOCKS = YES;
				GCC_OPTIMIZATION_LEVEL = 0;
				GCC_PREPROCESSOR_DEFINITIONS = (
					"DEBUG=1",
					"$(inherited)",
				);
				GCC_WARN_64_TO_32_BIT_CONVERSION = YES;
				GCC_WARN_ABOUT_RETURN_TYPE = YES_ERROR;
				GCC_WARN_UNDECLARED_SELECTOR = YES;
				GCC_WARN_UNINITIALIZED_AUTOS = YES_AGGRESSIVE;
				GCC_WARN_UNUSED_FUNCTION = YES;
				GCC_WARN_UNUSED_VARIABLE = YES;
				IPHONEOS_DEPLOYMENT_TARGET = 12.1;
				MTL_ENABLE_DEBUG_INFO = INCLUDE_SOURCE;
				MTL_FAST_MATH = YES;
				ONLY_ACTIVE_ARCH = YES;
				SDKROOT = iphoneos;
			};
			name = Debug;
		};
		44939CE02B860F8B00C3730C /* Release */ = {
			isa = XCBuildConfiguration;
			buildSettings = {
				ALWAYS_SEARCH_USER_PATHS = NO;
				CLANG_ANALYZER_NONNULL = YES;
				CLANG_ANALYZER_NUMBER_OBJECT_CONVERSION = YES_AGGRESSIVE;
				CLANG_CXX_LANGUAGE_STANDARD = "gnu++14";
				CLANG_CXX_LIBRARY = "libc++";
				CLANG_ENABLE_MODULES = YES;
				CLANG_ENABLE_OBJC_ARC = YES;
				CLANG_ENABLE_OBJC_WEAK = YES;
				CLANG_WARN_BLOCK_CAPTURE_AUTORELEASING = YES;
				CLANG_WARN_BOOL_CONVERSION = YES;
				CLANG_WARN_COMMA = YES;
				CLANG_WARN_CONSTANT_CONVERSION = YES;
				CLANG_WARN_DEPRECATED_OBJC_IMPLEMENTATIONS = YES;
				CLANG_WARN_DIRECT_OBJC_ISA_USAGE = YES_ERROR;
				CLANG_WARN_DOCUMENTATION_COMMENTS = YES;
				CLANG_WARN_EMPTY_BODY = YES;
				CLANG_WARN_ENUM_CONVERSION = YES;
				CLANG_WARN_INFINITE_RECURSION = YES;
				CLANG_WARN_INT_CONVERSION = YES;
				CLANG_WARN_NON_LITERAL_NULL_CONVERSION = YES;
				CLANG_WARN_OBJC_IMPLICIT_RETAIN_SELF = YES;
				CLANG_WARN_OBJC_LITERAL_CONVERSION = YES;
				CLANG_WARN_OBJC_ROOT_CLASS = YES_ERROR;
				CLANG_WARN_RANGE_LOOP_ANALYSIS = YES;
				CLANG_WARN_STRICT_PROTOTYPES = YES;
				CLANG_WARN_SUSPICIOUS_MOVE = YES;
				CLANG_WARN_UNGUARDED_AVAILABILITY = YES_AGGRESSIVE;
				CLANG_WARN_UNREACHABLE_CODE = YES;
				CLANG_WARN__DUPLICATE_METHOD_MATCH = YES;
				CODE_SIGN_IDENTITY = "iPhone Developer";
				COPY_PHASE_STRIP = NO;
				DEBUG_INFORMATION_FORMAT = "dwarf-with-dsym";
				ENABLE_NS_ASSERTIONS = NO;
				ENABLE_STRICT_OBJC_MSGSEND = YES;
				GCC_C_LANGUAGE_STANDARD = gnu11;
				GCC_NO_COMMON_BLOCKS = YES;
				GCC_WARN_64_TO_32_BIT_CONVERSION = YES;
				GCC_WARN_ABOUT_RETURN_TYPE = YES_ERROR;
				GCC_WARN_UNDECLARED_SELECTOR = YES;
				GCC_WARN_UNINITIALIZED_AUTOS = YES_AGGRESSIVE;
				GCC_WARN_UNUSED_FUNCTION = YES;
				GCC_WARN_UNUSED_VARIABLE = YES;
				IPHONEOS_DEPLOYMENT_TARGET = 12.1;
				MTL_ENABLE_DEBUG_INFO = NO;
				MTL_FAST_MATH = YES;
				SDKROOT = iphoneos;
				VALIDATE_PRODUCT = YES;
			};
			name = Release;
		};
		44939CE22B860F8B00C3730C /* Debug */ = {
			isa = XCBuildConfiguration;
			buildSettings = {
				ASSETCATALOG_COMPILER_APPICON_NAME = AppIcon;
				CODE_SIGN_STYLE = Automatic;
				INFOPLIST_FILE = Homework6ObjC/Info.plist;
				LD_RUNPATH_SEARCH_PATHS = (
					"$(inherited)",
					"@executable_path/Frameworks",
				);
				PRODUCT_BUNDLE_IDENTIFIER = "-89.Homework6ObjC";
				PRODUCT_NAME = "$(TARGET_NAME)";
				TARGETED_DEVICE_FAMILY = "1,2";
			};
			name = Debug;
		};
		44939CE32B860F8B00C3730C /* Release */ = {
			isa = XCBuildConfiguration;
			buildSettings = {
				ASSETCATALOG_COMPILER_APPICON_NAME = AppIcon;
				CODE_SIGN_STYLE = Automatic;
				INFOPLIST_FILE = Homework6ObjC/Info.plist;
				LD_RUNPATH_SEARCH_PATHS = (
					"$(inherited)",
					"@executable_path/Frameworks",
				);
				PRODUCT_BUNDLE_IDENTIFIER = "-89.Homework6ObjC";
				PRODUCT_NAME = "$(TARGET_NAME)";
				TARGETED_DEVICE_FAMILY = "1,2";
			};
			name = Release;
		};
/* End XCBuildConfiguration section */

/* Begin XCConfigurationList section */
		44939CC62B860F4200C3730C /* Build configuration list for PBXProject "Homework6ObjC" */ = {
			isa = XCConfigurationList;
			buildConfigurations = (
				44939CDF2B860F8B00C3730C /* Debug */,
				44939CE02B860F8B00C3730C /* Release */,
			);
			defaultConfigurationIsVisible = 0;
			defaultConfigurationName = Release;
		};
		44939CE12B860F8B00C3730C /* Build configuration list for PBXNativeTarget "Homework6ObjC" */ = {
			isa = XCConfigurationList;
			buildConfigurations = (
				44939CE22B860F8B00C3730C /* Debug */,
				44939CE32B860F8B00C3730C /* Release */,
			);
			defaultConfigurationIsVisible = 0;
			defaultConfigurationName = Release;
		};
/* End XCConfigurationList section */
	};
	rootObject = 44939CC32B860F4200C3730C /* Project object */;
}
